
Microsoft Visual Studio Solution File, Format Version 12.00
# Visual Studio Version 16
VisualStudioVersion = 16.0.29306.81
MinimumVisualStudioVersion = 10.0.40219.1
Project("{FAE04EC0-301F-11D3-BF4B-00C04F79EFBC}") = "Demonstrate Jagged Arrays", "Demonstrate Jagged Arrays\Demonstrate Jagged Arrays.csproj", "{4EB949B0-7D88-45DD-A715-30D78BC5ECF3}"
EndProject
Global
	GlobalSection(SolutionConfigurationPlatforms) = preSolution
		Debug|Any CPU = Debug|Any CPU
		Release|Any CPU = Release|Any CPU
	EndGlobalSection
	GlobalSection(ProjectConfigurationPlatforms) = postSolution
		{4EB949B0-7D88-45DD-A715-30D78BC5ECF3}.Debug|Any CPU.ActiveCfg = Debug|Any CPU
		{4EB949B0-7D88-45DD-A715-30D78BC5ECF3}.Debug|Any CPU.Build.0 = Debug|Any CPU
		{4EB949B0-7D88-45DD-A715-30D78BC5ECF3}.Release|Any CPU.ActiveCfg = Release|Any CPU
		{4EB949B0-7D88-45DD-A715-30D78BC5ECF3}.Release|Any CPU.Build.0 = Release|Any CPU
	EndGlobalSection
	GlobalSection(SolutionProperties) = preSolution
		HideSolutionNode = FALSE
	EndGlobalSection
	GlobalSection(ExtensibilityGlobals) = postSolution
		SolutionGuid = {8D2AB6A6-5AB6-4507-9310-1338EB13898D}
	EndGlobalSection
EndGlobal
